{
  "Rakefile:2473472683": [
    [347, 24, 2, "Lint/Syntax: unexpected token error\n(Using Ruby 2.0 parser; configure using `TargetRubyVersion` parameter, under `AllCops`)", 5858765],
    [427, 38, 2, "Lint/Syntax: unexpected token error\n(Using Ruby 2.0 parser; configure using `TargetRubyVersion` parameter, under `AllCops`)", 5858765],
    [453, 34, 2, "Lint/Syntax: unexpected token error\n(Using Ruby 2.0 parser; configure using `TargetRubyVersion` parameter, under `AllCops`)", 5858765],
    [546, 25, 2, "Lint/Syntax: unexpected token error\n(Using Ruby 2.0 parser; configure using `TargetRubyVersion` parameter, under `AllCops`)", 5858765],
    [557, 18, 2, "Lint/Syntax: unexpected token kDO_BLOCK\n(Using Ruby 2.0 parser; configure using `TargetRubyVersion` parameter, under `AllCops`)", 5860750],
    [557, 32, 1, "Lint/Syntax: unexpected token tPIPE\n(Using Ruby 2.0 parser; configure using `TargetRubyVersion` parameter, under `AllCops`)", 177625],
    [558, 79, 2, "Lint/Syntax: unexpected token kDO_BLOCK\n(Using Ruby 2.0 parser; configure using `TargetRubyVersion` parameter, under `AllCops`)", 5860750],
    [558, 110, 1, "Lint/Syntax: unexpected token tPIPE\n(Using Ruby 2.0 parser; configure using `TargetRubyVersion` parameter, under `AllCops`)", 177625],
    [631, 37, 2, "Lint/Syntax: unexpected token error\n(Using Ruby 2.0 parser; configure using `TargetRubyVersion` parameter, under `AllCops`)", 5858765],
    [636, 40, 2, "Lint/Syntax: unexpected token error\n(Using Ruby 2.0 parser; configure using `TargetRubyVersion` parameter, under `AllCops`)", 5858765],
    [674, 3, 3, "Lint/Syntax: unexpected token kEND\n(Using Ruby 2.0 parser; configure using `TargetRubyVersion` parameter, under `AllCops`)", 193405706]
  ]
}
